
Microsoft Visual Studio Solution File, Format Version 12.00
# Visual Studio Version 16
VisualStudioVersion = 16.0.29905.134
MinimumVisualStudioVersion = 10.0.40219.1
Project("{FAE04EC0-301F-11D3-BF4B-00C04F79EFBC}") = "Nabi", "Nabi\Nabi.csproj", "{92F303A0-D4EA-489C-A08B-CDF9E844F299}"
EndProject
Global
	GlobalSection(SolutionConfigurationPlatforms) = preSolution
		Debug|Any CPU = Debug|Any CPU
		Release|Any CPU = Release|Any CPU
	EndGlobalSection
	GlobalSection(ProjectConfigurationPlatforms) = postSolution
		{92F303A0-D4EA-489C-A08B-CDF9E844F299}.Debug|Any CPU.ActiveCfg = Debug|Any CPU
		{92F303A0-D4EA-489C-A08B-CDF9E844F299}.Debug|Any CPU.Build.0 = Debug|Any CPU
		{92F303A0-D4EA-489C-A08B-CDF9E844F299}.Release|Any CPU.ActiveCfg = Release|Any CPU
		{92F303A0-D4EA-489C-A08B-CDF9E844F299}.Release|Any CPU.Build.0 = Release|Any CPU
	EndGlobalSection
	GlobalSection(SolutionProperties) = preSolution
		HideSolutionNode = FALSE
	EndGlobalSection
	GlobalSection(ExtensibilityGlobals) = postSolution
		SolutionGuid = {2294481E-EC46-4A9A-8D18-3F8CE47347BD}
	EndGlobalSection
EndGlobal
