
Microsoft Visual Studio Solution File, Format Version 12.00
# Visual Studio Version 16
VisualStudioVersion = 16.0.29613.14
MinimumVisualStudioVersion = 10.0.40219.1
Project("{FAE04EC0-301F-11D3-BF4B-00C04F79EFBC}") = "Nabi", "Nabi\Nabi.csproj", "{0D1DE8F9-9004-4552-A5EB-AC3F5F54542E}"
EndProject
Global
	GlobalSection(SolutionConfigurationPlatforms) = preSolution
		Debug|Any CPU = Debug|Any CPU
		Release|Any CPU = Release|Any CPU
	EndGlobalSection
	GlobalSection(ProjectConfigurationPlatforms) = postSolution
		{0D1DE8F9-9004-4552-A5EB-AC3F5F54542E}.Debug|Any CPU.ActiveCfg = Debug|Any CPU
		{0D1DE8F9-9004-4552-A5EB-AC3F5F54542E}.Debug|Any CPU.Build.0 = Debug|Any CPU
		{0D1DE8F9-9004-4552-A5EB-AC3F5F54542E}.Release|Any CPU.ActiveCfg = Release|Any CPU
		{0D1DE8F9-9004-4552-A5EB-AC3F5F54542E}.Release|Any CPU.Build.0 = Release|Any CPU
	EndGlobalSection
	GlobalSection(SolutionProperties) = preSolution
		HideSolutionNode = FALSE
	EndGlobalSection
	GlobalSection(ExtensibilityGlobals) = postSolution
		SolutionGuid = {84919801-6576-47CB-AF23-1AD5AF99F604}
	EndGlobalSection
EndGlobal
